
Microsoft Visual Studio Solution File, Format Version 12.00
# Visual Studio Version 16
VisualStudioVersion = 16.0.30611.23
MinimumVisualStudioVersion = 10.0.40219.1
Project("{FAE04EC0-301F-11D3-BF4B-00C04F79EFBC}") = "Cake-m1-05", "Cake-m1-05\Cake-m1-05.csproj", "{32FF65B9-353C-45F8-9C5F-9E993037997B}"
EndProject
Project("{2150E333-8FDC-42A3-9474-1A3956D46DE8}") = "Solution Items", "Solution Items", "{D49E5007-EEFA-494F-A7B9-60D6EDAB82F3}"
	ProjectSection(SolutionItems) = preProject
		Cake-m1-05\build.ps1 = Cake-m1-05\build.ps1
	EndProjectSection
EndProject
Global
	GlobalSection(SolutionConfigurationPlatforms) = preSolution
		Debug|Any CPU = Debug|Any CPU
		Release|Any CPU = Release|Any CPU
	EndGlobalSection
	GlobalSection(ProjectConfigurationPlatforms) = postSolution
		{32FF65B9-353C-45F8-9C5F-9E993037997B}.Debug|Any CPU.ActiveCfg = Debug|Any CPU
		{32FF65B9-353C-45F8-9C5F-9E993037997B}.Debug|Any CPU.Build.0 = Debug|Any CPU
		{32FF65B9-353C-45F8-9C5F-9E993037997B}.Release|Any CPU.ActiveCfg = Release|Any CPU
		{32FF65B9-353C-45F8-9C5F-9E993037997B}.Release|Any CPU.Build.0 = Release|Any CPU
	EndGlobalSection
	GlobalSection(SolutionProperties) = preSolution
		HideSolutionNode = FALSE
	EndGlobalSection
	GlobalSection(ExtensibilityGlobals) = postSolution
		SolutionGuid = {BD811AC2-15F9-45C3-AC36-56ABA09FD953}
	EndGlobalSection
EndGlobal
